
Microsoft Visual Studio Solution File, Format Version 12.00
# Visual Studio Version 17
VisualStudioVersion = 17.0.31903.59
MinimumVisualStudioVersion = 10.0.40219.1
Project("{2150E333-8FDC-42A3-9474-1A3956D46DE8}") = "src", "src", "{827E0CD3-B72D-47B6-A68D-7590B98EB39B}"
EndProject
Project("{2150E333-8FDC-42A3-9474-1A3956D46DE8}") = "Domain", "Domain", "{8B290487-4C16-E85E-E807-F579CBE9FC4D}"
EndProject
Project("{FAE04EC0-301F-11D3-BF4B-00C04F79EFBC}") = "DjVisualizer.Domain", "src\Domain\DjVisualizer.Domain.csproj", "{111B4D78-18B8-49B1-BC5A-60914733A485}"
EndProject
Project("{FAE04EC0-301F-11D3-BF4B-00C04F79EFBC}") = "DjVisualizer.Application", "src\Application\DjVisualizer.Application.csproj", "{A3B869B0-12A6-412F-8B9E-9DC61F71DD3D}"
EndProject
Project("{FAE04EC0-301F-11D3-BF4B-00C04F79EFBC}") = "DjVisualizer.Infrastructure", "src\Infrastructure\DjVisualizer.Infrastructure.csproj", "{E29ADCD4-2BE7-48AD-8B4E-11D229D5DAF3}"
EndProject
Project("{FAE04EC0-301F-11D3-BF4B-00C04F79EFBC}") = "DjVisualizer.Api", "src\Api\DjVisualizer.Api.csproj", "{F2826782-8E2B-4BF0-BDE0-959B8529B099}"
EndProject
Project("{FAE04EC0-301F-11D3-BF4B-00C04F79EFBC}") = "DjVisualizer.Worker", "src\Worker\DjVisualizer.Worker.csproj", "{C48BB92A-FCB2-4F7E-8ED3-E18CD66457F7}"
EndProject
Project("{FAE04EC0-301F-11D3-BF4B-00C04F79EFBC}") = "DjVisualizer.Domain.Tests", "tests\Domain.Tests\DjVisualizer.Domain.Tests.csproj", "{457219C1-CD89-498A-867F-C3FBD7EEFE58}"
EndProject
Project("{FAE04EC0-301F-11D3-BF4B-00C04F79EFBC}") = "DjVisualizer.Application.Tests", "tests\Application.Tests\DjVisualizer.Application.Tests.csproj", "{F2C6630C-7669-4860-AF1D-FC2C1A9E26BC}"
EndProject
Project("{FAE04EC0-301F-11D3-BF4B-00C04F79EFBC}") = "DjVisualizer.Infrastructure.Tests", "tests\Infrastructure.Tests\DjVisualizer.Infrastructure.Tests.csproj", "{FEA29C9E-5DCC-4AAA-9A64-68CBAF564718}"
EndProject
Project("{FAE04EC0-301F-11D3-BF4B-00C04F79EFBC}") = "DjVisualizer.Api.IntegrationTests", "tests\Api.IntegrationTests\DjVisualizer.Api.IntegrationTests.csproj", "{E1224045-D800-4F56-A491-E4520E6E05C7}"
EndProject
Project("{FAE04EC0-301F-11D3-BF4B-00C04F79EFBC}") = "DjVisualizer.Worker.Tests", "tests\Worker.Tests\DjVisualizer.Worker.Tests.csproj", "{8DBA3FB8-21B2-49DA-8704-640E13A5E7FE}"
EndProject
Global
	GlobalSection(SolutionConfigurationPlatforms) = preSolution
		Debug|Any CPU = Debug|Any CPU
		Debug|x64 = Debug|x64
		Debug|x86 = Debug|x86
		Release|Any CPU = Release|Any CPU
		Release|x64 = Release|x64
		Release|x86 = Release|x86
	EndGlobalSection
	GlobalSection(ProjectConfigurationPlatforms) = postSolution
		{111B4D78-18B8-49B1-BC5A-60914733A485}.Debug|Any CPU.ActiveCfg = Debug|Any CPU
		{111B4D78-18B8-49B1-BC5A-60914733A485}.Debug|Any CPU.Build.0 = Debug|Any CPU
		{111B4D78-18B8-49B1-BC5A-60914733A485}.Debug|x64.ActiveCfg = Debug|Any CPU
		{111B4D78-18B8-49B1-BC5A-60914733A485}.Debug|x64.Build.0 = Debug|Any CPU
		{111B4D78-18B8-49B1-BC5A-60914733A485}.Debug|x86.ActiveCfg = Debug|Any CPU
		{111B4D78-18B8-49B1-BC5A-60914733A485}.Debug|x86.Build.0 = Debug|Any CPU
		{111B4D78-18B8-49B1-BC5A-60914733A485}.Release|Any CPU.ActiveCfg = Release|Any CPU
		{111B4D78-18B8-49B1-BC5A-60914733A485}.Release|Any CPU.Build.0 = Release|Any CPU
		{111B4D78-18B8-49B1-BC5A-60914733A485}.Release|x64.ActiveCfg = Release|Any CPU
		{111B4D78-18B8-49B1-BC5A-60914733A485}.Release|x64.Build.0 = Release|Any CPU
		{111B4D78-18B8-49B1-BC5A-60914733A485}.Release|x86.ActiveCfg = Release|Any CPU
		{111B4D78-18B8-49B1-BC5A-60914733A485}.Release|x86.Build.0 = Release|Any CPU
		{A3B869B0-12A6-412F-8B9E-9DC61F71DD3D}.Debug|Any CPU.ActiveCfg = Debug|Any CPU
		{A3B869B0-12A6-412F-8B9E-9DC61F71DD3D}.Debug|Any CPU.Build.0 = Debug|Any CPU
		{A3B869B0-12A6-412F-8B9E-9DC61F71DD3D}.Debug|x64.ActiveCfg = Debug|Any CPU
		{A3B869B0-12A6-412F-8B9E-9DC61F71DD3D}.Debug|x64.Build.0 = Debug|Any CPU
		{A3B869B0-12A6-412F-8B9E-9DC61F71DD3D}.Debug|x86.ActiveCfg = Debug|Any CPU
		{A3B869B0-12A6-412F-8B9E-9DC61F71DD3D}.Debug|x86.Build.0 = Debug|Any CPU
		{A3B869B0-12A6-412F-8B9E-9DC61F71DD3D}.Release|Any CPU.ActiveCfg = Release|Any CPU
		{A3B869B0-12A6-412F-8B9E-9DC61F71DD3D}.Release|Any CPU.Build.0 = Release|Any CPU
		{A3B869B0-12A6-412F-8B9E-9DC61F71DD3D}.Release|x64.ActiveCfg = Release|Any CPU
		{A3B869B0-12A6-412F-8B9E-9DC61F71DD3D}.Release|x64.Build.0 = Release|Any CPU
		{A3B869B0-12A6-412F-8B9E-9DC61F71DD3D}.Release|x86.ActiveCfg = Release|Any CPU
		{A3B869B0-12A6-412F-8B9E-9DC61F71DD3D}.Release|x86.Build.0 = Release|Any CPU
		{E29ADCD4-2BE7-48AD-8B4E-11D229D5DAF3}.Debug|Any CPU.ActiveCfg = Debug|Any CPU
		{E29ADCD4-2BE7-48AD-8B4E-11D229D5DAF3}.Debug|Any CPU.Build.0 = Debug|Any CPU
		{E29ADCD4-2BE7-48AD-8B4E-11D229D5DAF3}.Debug|x64.ActiveCfg = Debug|Any CPU
		{E29ADCD4-2BE7-48AD-8B4E-11D229D5DAF3}.Debug|x64.Build.0 = Debug|Any CPU
		{E29ADCD4-2BE7-48AD-8B4E-11D229D5DAF3}.Debug|x86.ActiveCfg = Debug|Any CPU
		{E29ADCD4-2BE7-48AD-8B4E-11D229D5DAF3}.Debug|x86.Build.0 = Debug|Any CPU
		{E29ADCD4-2BE7-48AD-8B4E-11D229D5DAF3}.Release|Any CPU.ActiveCfg = Release|Any CPU
		{E29ADCD4-2BE7-48AD-8B4E-11D229D5DAF3}.Release|Any CPU.Build.0 = Release|Any CPU
		{E29ADCD4-2BE7-48AD-8B4E-11D229D5DAF3}.Release|x64.ActiveCfg = Release|Any CPU
		{E29ADCD4-2BE7-48AD-8B4E-11D229D5DAF3}.Release|x64.Build.0 = Release|Any CPU
		{E29ADCD4-2BE7-48AD-8B4E-11D229D5DAF3}.Release|x86.ActiveCfg = Release|Any CPU
		{E29ADCD4-2BE7-48AD-8B4E-11D229D5DAF3}.Release|x86.Build.0 = Release|Any CPU
		{F2826782-8E2B-4BF0-BDE0-959B8529B099}.Debug|Any CPU.ActiveCfg = Debug|Any CPU
		{F2826782-8E2B-4BF0-BDE0-959B8529B099}.Debug|Any CPU.Build.0 = Debug|Any CPU
		{F2826782-8E2B-4BF0-BDE0-959B8529B099}.Debug|x64.ActiveCfg = Debug|Any CPU
		{F2826782-8E2B-4BF0-BDE0-959B8529B099}.Debug|x64.Build.0 = Debug|Any CPU
		{F2826782-8E2B-4BF0-BDE0-959B8529B099}.Debug|x86.ActiveCfg = Debug|Any CPU
		{F2826782-8E2B-4BF0-BDE0-959B8529B099}.Debug|x86.Build.0 = Debug|Any CPU
		{F2826782-8E2B-4BF0-BDE0-959B8529B099}.Release|Any CPU.ActiveCfg = Release|Any CPU
		{F2826782-8E2B-4BF0-BDE0-959B8529B099}.Release|Any CPU.Build.0 = Release|Any CPU
		{F2826782-8E2B-4BF0-BDE0-959B8529B099}.Release|x64.ActiveCfg = Release|Any CPU
		{F2826782-8E2B-4BF0-BDE0-959B8529B099}.Release|x64.Build.0 = Release|Any CPU
		{F2826782-8E2B-4BF0-BDE0-959B8529B099}.Release|x86.ActiveCfg = Release|Any CPU
		{F2826782-8E2B-4BF0-BDE0-959B8529B099}.Release|x86.Build.0 = Release|Any CPU
		{C48BB92A-FCB2-4F7E-8ED3-E18CD66457F7}.Debug|Any CPU.ActiveCfg = Debug|Any CPU
		{C48BB92A-FCB2-4F7E-8ED3-E18CD66457F7}.Debug|Any CPU.Build.0 = Debug|Any CPU
		{C48BB92A-FCB2-4F7E-8ED3-E18CD66457F7}.Debug|x64.ActiveCfg = Debug|Any CPU
		{C48BB92A-FCB2-4F7E-8ED3-E18CD66457F7}.Debug|x64.Build.0 = Debug|Any CPU
		{C48BB92A-FCB2-4F7E-8ED3-E18CD66457F7}.Debug|x86.ActiveCfg = Debug|Any CPU
		{C48BB92A-FCB2-4F7E-8ED3-E18CD66457F7}.Debug|x86.Build.0 = Debug|Any CPU
		{C48BB92A-FCB2-4F7E-8ED3-E18CD66457F7}.Release|Any CPU.ActiveCfg = Release|Any CPU
		{C48BB92A-FCB2-4F7E-8ED3-E18CD66457F7}.Release|Any CPU.Build.0 = Release|Any CPU
		{C48BB92A-FCB2-4F7E-8ED3-E18CD66457F7}.Release|x64.ActiveCfg = Release|Any CPU
		{C48BB92A-FCB2-4F7E-8ED3-E18CD66457F7}.Release|x64.Build.0 = Release|Any CPU
		{C48BB92A-FCB2-4F7E-8ED3-E18CD66457F7}.Release|x86.ActiveCfg = Release|Any CPU
		{C48BB92A-FCB2-4F7E-8ED3-E18CD66457F7}.Release|x86.Build.0 = Release|Any CPU
		{457219C1-CD89-498A-867F-C3FBD7EEFE58}.Debug|Any CPU.ActiveCfg = Debug|Any CPU
		{457219C1-CD89-498A-867F-C3FBD7EEFE58}.Debug|Any CPU.Build.0 = Debug|Any CPU
		{457219C1-CD89-498A-867F-C3FBD7EEFE58}.Debug|x64.ActiveCfg = Debug|Any CPU
		{457219C1-CD89-498A-867F-C3FBD7EEFE58}.Debug|x64.Build.0 = Debug|Any CPU
		{457219C1-CD89-498A-867F-C3FBD7EEFE58}.Debug|x86.ActiveCfg = Debug|Any CPU
		{457219C1-CD89-498A-867F-C3FBD7EEFE58}.Debug|x86.Build.0 = Debug|Any CPU
		{457219C1-CD89-498A-867F-C3FBD7EEFE58}.Release|Any CPU.ActiveCfg = Release|Any CPU
		{457219C1-CD89-498A-867F-C3FBD7EEFE58}.Release|Any CPU.Build.0 = Release|Any CPU
		{457219C1-CD89-498A-867F-C3FBD7EEFE58}.Release|x64.ActiveCfg = Release|Any CPU
		{457219C1-CD89-498A-867F-C3FBD7EEFE58}.Release|x64.Build.0 = Release|Any CPU
		{457219C1-CD89-498A-867F-C3FBD7EEFE58}.Release|x86.ActiveCfg = Release|Any CPU
		{457219C1-CD89-498A-867F-C3FBD7EEFE58}.Release|x86.Build.0 = Release|Any CPU
		{F2C6630C-7669-4860-AF1D-FC2C1A9E26BC}.Debug|Any CPU.ActiveCfg = Debug|Any CPU
		{F2C6630C-7669-4860-AF1D-FC2C1A9E26BC}.Debug|Any CPU.Build.0 = Debug|Any CPU
		{F2C6630C-7669-4860-AF1D-FC2C1A9E26BC}.Debug|x64.ActiveCfg = Debug|Any CPU
		{F2C6630C-7669-4860-AF1D-FC2C1A9E26BC}.Debug|x64.Build.0 = Debug|Any CPU
		{F2C6630C-7669-4860-AF1D-FC2C1A9E26BC}.Debug|x86.ActiveCfg = Debug|Any CPU
		{F2C6630C-7669-4860-AF1D-FC2C1A9E26BC}.Debug|x86.Build.0 = Debug|Any CPU
		{F2C6630C-7669-4860-AF1D-FC2C1A9E26BC}.Release|Any CPU.ActiveCfg = Release|Any CPU
		{F2C6630C-7669-4860-AF1D-FC2C1A9E26BC}.Release|Any CPU.Build.0 = Release|Any CPU
		{F2C6630C-7669-4860-AF1D-FC2C1A9E26BC}.Release|x64.ActiveCfg = Release|Any CPU
		{F2C6630C-7669-4860-AF1D-FC2C1A9E26BC}.Release|x64.Build.0 = Release|Any CPU
		{F2C6630C-7669-4860-AF1D-FC2C1A9E26BC}.Release|x86.ActiveCfg = Release|Any CPU
		{F2C6630C-7669-4860-AF1D-FC2C1A9E26BC}.Release|x86.Build.0 = Release|Any CPU
		{FEA29C9E-5DCC-4AAA-9A64-68CBAF564718}.Debug|Any CPU.ActiveCfg = Debug|Any CPU
		{FEA29C9E-5DCC-4AAA-9A64-68CBAF564718}.Debug|Any CPU.Build.0 = Debug|Any CPU
		{FEA29C9E-5DCC-4AAA-9A64-68CBAF564718}.Debug|x64.ActiveCfg = Debug|Any CPU
		{FEA29C9E-5DCC-4AAA-9A64-68CBAF564718}.Debug|x64.Build.0 = Debug|Any CPU
		{FEA29C9E-5DCC-4AAA-9A64-68CBAF564718}.Debug|x86.ActiveCfg = Debug|Any CPU
		{FEA29C9E-5DCC-4AAA-9A64-68CBAF564718}.Debug|x86.Build.0 = Debug|Any CPU
		{FEA29C9E-5DCC-4AAA-9A64-68CBAF564718}.Release|Any CPU.ActiveCfg = Release|Any CPU
		{FEA29C9E-5DCC-4AAA-9A64-68CBAF564718}.Release|Any CPU.Build.0 = Release|Any CPU
		{FEA29C9E-5DCC-4AAA-9A64-68CBAF564718}.Release|x64.ActiveCfg = Release|Any CPU
		{FEA29C9E-5DCC-4AAA-9A64-68CBAF564718}.Release|x64.Build.0 = Release|Any CPU
		{FEA29C9E-5DCC-4AAA-9A64-68CBAF564718}.Release|x86.ActiveCfg = Release|Any CPU
		{FEA29C9E-5DCC-4AAA-9A64-68CBAF564718}.Release|x86.Build.0 = Release|Any CPU
		{E1224045-D800-4F56-A491-E4520E6E05C7}.Debug|Any CPU.ActiveCfg = Debug|Any CPU
		{E1224045-D800-4F56-A491-E4520E6E05C7}.Debug|Any CPU.Build.0 = Debug|Any CPU
		{E1224045-D800-4F56-A491-E4520E6E05C7}.Debug|x64.ActiveCfg = Debug|Any CPU
		{E1224045-D800-4F56-A491-E4520E6E05C7}.Debug|x64.Build.0 = Debug|Any CPU
		{E1224045-D800-4F56-A491-E4520E6E05C7}.Debug|x86.ActiveCfg = Debug|Any CPU
		{E1224045-D800-4F56-A491-E4520E6E05C7}.Debug|x86.Build.0 = Debug|Any CPU
		{E1224045-D800-4F56-A491-E4520E6E05C7}.Release|Any CPU.ActiveCfg = Release|Any CPU
		{E1224045-D800-4F56-A491-E4520E6E05C7}.Release|Any CPU.Build.0 = Release|Any CPU
		{E1224045-D800-4F56-A491-E4520E6E05C7}.Release|x64.ActiveCfg = Release|Any CPU
		{E1224045-D800-4F56-A491-E4520E6E05C7}.Release|x64.Build.0 = Release|Any CPU
		{E1224045-D800-4F56-A491-E4520E6E05C7}.Release|x86.ActiveCfg = Release|Any CPU
		{E1224045-D800-4F56-A491-E4520E6E05C7}.Release|x86.Build.0 = Release|Any CPU
		{8DBA3FB8-21B2-49DA-8704-640E13A5E7FE}.Debug|Any CPU.ActiveCfg = Debug|Any CPU
		{8DBA3FB8-21B2-49DA-8704-640E13A5E7FE}.Debug|Any CPU.Build.0 = Debug|Any CPU
		{8DBA3FB8-21B2-49DA-8704-640E13A5E7FE}.Debug|x64.ActiveCfg = Debug|Any CPU
		{8DBA3FB8-21B2-49DA-8704-640E13A5E7FE}.Debug|x64.Build.0 = Debug|Any CPU
		{8DBA3FB8-21B2-49DA-8704-640E13A5E7FE}.Debug|x86.ActiveCfg = Debug|Any CPU
		{8DBA3FB8-21B2-49DA-8704-640E13A5E7FE}.Debug|x86.Build.0 = Debug|Any CPU
		{8DBA3FB8-21B2-49DA-8704-640E13A5E7FE}.Release|Any CPU.ActiveCfg = Release|Any CPU
		{8DBA3FB8-21B2-49DA-8704-640E13A5E7FE}.Release|Any CPU.Build.0 = Release|Any CPU
		{8DBA3FB8-21B2-49DA-8704-640E13A5E7FE}.Release|x64.ActiveCfg = Release|Any CPU
		{8DBA3FB8-21B2-49DA-8704-640E13A5E7FE}.Release|x64.Build.0 = Release|Any CPU
		{8DBA3FB8-21B2-49DA-8704-640E13A5E7FE}.Release|x86.ActiveCfg = Release|Any CPU
		{8DBA3FB8-21B2-49DA-8704-640E13A5E7FE}.Release|x86.Build.0 = Release|Any CPU
	EndGlobalSection
	GlobalSection(SolutionProperties) = preSolution
		HideSolutionNode = FALSE
	EndGlobalSection
	GlobalSection(NestedProjects) = preSolution
		{8B290487-4C16-E85E-E807-F579CBE9FC4D} = {827E0CD3-B72D-47B6-A68D-7590B98EB39B}
		{111B4D78-18B8-49B1-BC5A-60914733A485} = {8B290487-4C16-E85E-E807-F579CBE9FC4D}
		{A3B869B0-12A6-412F-8B9E-9DC61F71DD3D} = {8B290487-4C16-E85E-E807-F579CBE9FC4D}
		{E29ADCD4-2BE7-48AD-8B4E-11D229D5DAF3} = {8B290487-4C16-E85E-E807-F579CBE9FC4D}
		{F2826782-8E2B-4BF0-BDE0-959B8529B099} = {8B290487-4C16-E85E-E807-F579CBE9FC4D}
		{C48BB92A-FCB2-4F7E-8ED3-E18CD66457F7} = {8B290487-4C16-E85E-E807-F579CBE9FC4D}
		{457219C1-CD89-498A-867F-C3FBD7EEFE58} = {8B290487-4C16-E85E-E807-F579CBE9FC4D}
		{F2C6630C-7669-4860-AF1D-FC2C1A9E26BC} = {8B290487-4C16-E85E-E807-F579CBE9FC4D}
		{FEA29C9E-5DCC-4AAA-9A64-68CBAF564718} = {8B290487-4C16-E85E-E807-F579CBE9FC4D}
		{E1224045-D800-4F56-A491-E4520E6E05C7} = {8B290487-4C16-E85E-E807-F579CBE9FC4D}
		{8DBA3FB8-21B2-49DA-8704-640E13A5E7FE} = {8B290487-4C16-E85E-E807-F579CBE9FC4D}
	EndGlobalSection
EndGlobal
